
Microsoft Visual Studio Solution File, Format Version 12.00
# Visual Studio Version 17
VisualStudioVersion = 17.10.35027.167
MinimumVisualStudioVersion = 10.0.40219.1
Project("{FAE04EC0-301F-11D3-BF4B-00C04F79EFBC}") = "CodeFirstExample", "CodeFirstExample\CodeFirstExample.csproj", "{5F7ABFC7-32AB-46EF-8472-7A31F5AC6260}"
EndProject
Project("{FAE04EC0-301F-11D3-BF4B-00C04F79EFBC}") = "DbFirstExample", "DbFirstExample\DbFirstExample.csproj", "{45A0B12D-376A-4EC4-8C03-D9780E5ED427}"
EndProject
Project("{00D1A9C2-B5F0-4AF3-8072-F6C62B433612}") = "DbFirstExample.Database", "DbFirstExample.Database\DbFirstExample.Database.sqlproj", "{8917BA16-A293-499B-BF1D-2AA852CF96E2}"
EndProject
Global
	GlobalSection(SolutionConfigurationPlatforms) = preSolution
		Debug|Any CPU = Debug|Any CPU
		Release|Any CPU = Release|Any CPU
	EndGlobalSection
	GlobalSection(ProjectConfigurationPlatforms) = postSolution
		{5F7ABFC7-32AB-46EF-8472-7A31F5AC6260}.Debug|Any CPU.ActiveCfg = Debug|Any CPU
		{5F7ABFC7-32AB-46EF-8472-7A31F5AC6260}.Debug|Any CPU.Build.0 = Debug|Any CPU
		{5F7ABFC7-32AB-46EF-8472-7A31F5AC6260}.Release|Any CPU.ActiveCfg = Release|Any CPU
		{5F7ABFC7-32AB-46EF-8472-7A31F5AC6260}.Release|Any CPU.Build.0 = Release|Any CPU
		{45A0B12D-376A-4EC4-8C03-D9780E5ED427}.Debug|Any CPU.ActiveCfg = Debug|Any CPU
		{45A0B12D-376A-4EC4-8C03-D9780E5ED427}.Debug|Any CPU.Build.0 = Debug|Any CPU
		{45A0B12D-376A-4EC4-8C03-D9780E5ED427}.Release|Any CPU.ActiveCfg = Release|Any CPU
		{45A0B12D-376A-4EC4-8C03-D9780E5ED427}.Release|Any CPU.Build.0 = Release|Any CPU
		{8917BA16-A293-499B-BF1D-2AA852CF96E2}.Debug|Any CPU.ActiveCfg = Debug|Any CPU
		{8917BA16-A293-499B-BF1D-2AA852CF96E2}.Debug|Any CPU.Build.0 = Debug|Any CPU
		{8917BA16-A293-499B-BF1D-2AA852CF96E2}.Debug|Any CPU.Deploy.0 = Debug|Any CPU
		{8917BA16-A293-499B-BF1D-2AA852CF96E2}.Release|Any CPU.ActiveCfg = Release|Any CPU
		{8917BA16-A293-499B-BF1D-2AA852CF96E2}.Release|Any CPU.Build.0 = Release|Any CPU
		{8917BA16-A293-499B-BF1D-2AA852CF96E2}.Release|Any CPU.Deploy.0 = Release|Any CPU
	EndGlobalSection
	GlobalSection(SolutionProperties) = preSolution
		HideSolutionNode = FALSE
	EndGlobalSection
	GlobalSection(ExtensibilityGlobals) = postSolution
		SolutionGuid = {0D56B6DD-6C1E-4E9A-AE82-832DEC68E37E}
	EndGlobalSection
EndGlobal
